// !$*UTF8*$!
{
	archiveVersion = 1;
	classes = {
	};
	objectVersion = 50;
	objects = {

/* Begin PBXBuildFile section */
		1D2B2DE5218BC048009594F3 /* AppDelegate.swift in Sources */ = {isa = PBXBuildFile; fileRef = 1D2B2DE4218BC048009594F3 /* AppDelegate.swift */; };
		1D2B2DE7218BC048009594F3 /* RootViewController.swift in Sources */ = {isa = PBXBuildFile; fileRef = 1D2B2DE6218BC048009594F3 /* RootViewController.swift */; };
		1D2B2DEA218BC048009594F3 /* Main.storyboard in Resources */ = {isa = PBXBuildFile; fileRef = 1D2B2DE8218BC048009594F3 /* Main.storyboard */; };
		1D2B2DEC218BC049009594F3 /* Assets.xcassets in Resources */ = {isa = PBXBuildFile; fileRef = 1D2B2DEB218BC049009594F3 /* Assets.xcassets */; };
		1D2B2DEF218BC049009594F3 /* LaunchScreen.storyboard in Resources */ = {isa = PBXBuildFile; fileRef = 1D2B2DED218BC049009594F3 /* LaunchScreen.storyboard */; };
		1D2B2DFD218BC46C009594F3 /* DayViewController.swift in Sources */ = {isa = PBXBuildFile; fileRef = 1D2B2DFC218BC46C009594F3 /* DayViewController.swift */; };
		1D2B2E01218BC55B009594F3 /* WeekViewController.swift in Sources */ = {isa = PBXBuildFile; fileRef = 1D2B2DFF218BC55B009594F3 /* WeekViewController.swift */; };
		1D2B2E05218BC6A9009594F3 /* UIViewController.swift in Sources */ = {isa = PBXBuildFile; fileRef = 1D2B2E04218BC6A9009594F3 /* UIViewController.swift */; };
		1D2B2E07218BC785009594F3 /* UIStoryboard.swift in Sources */ = {isa = PBXBuildFile; fileRef = 1D2B2E06218BC785009594F3 /* UIStoryboard.swift */; };
		1D2B2E0A218D40C2009594F3 /* WeatherRequest.swift in Sources */ = {isa = PBXBuildFile; fileRef = 1D2B2E09218D40C2009594F3 /* WeatherRequest.swift */; };
		1D2B2E0D218D4401009594F3 /* Configuration.swift in Sources */ = {isa = PBXBuildFile; fileRef = 1D2B2E0C218D4401009594F3 /* Configuration.swift */; };
		1D2B2E10218E90FE009594F3 /* RootViewModel.swift in Sources */ = {isa = PBXBuildFile; fileRef = 1D2B2E0F218E90FE009594F3 /* RootViewModel.swift */; };
		1DA2EDA721950A7D00727DA9 /* DarkSkyResponse.swift in Sources */ = {isa = PBXBuildFile; fileRef = 1DA2EDA621950A7D00727DA9 /* DarkSkyResponse.swift */; };
/* End PBXBuildFile section */

/* Begin PBXFileReference section */
		1D2B2DE1218BC048009594F3 /* WeatherWatcher.app */ = {isa = PBXFileReference; explicitFileType = wrapper.application; includeInIndex = 0; path = WeatherWatcher.app; sourceTree = BUILT_PRODUCTS_DIR; };
		1D2B2DE4218BC048009594F3 /* AppDelegate.swift */ = {isa = PBXFileReference; lastKnownFileType = sourcecode.swift; path = AppDelegate.swift; sourceTree = "<group>"; };
		1D2B2DE6218BC048009594F3 /* RootViewController.swift */ = {isa = PBXFileReference; lastKnownFileType = sourcecode.swift; path = RootViewController.swift; sourceTree = "<group>"; };
		1D2B2DE9218BC048009594F3 /* Base */ = {isa = PBXFileReference; lastKnownFileType = file.storyboard; name = Base; path = Base.lproj/Main.storyboard; sourceTree = "<group>"; };
		1D2B2DEB218BC049009594F3 /* Assets.xcassets */ = {isa = PBXFileReference; lastKnownFileType = folder.assetcatalog; path = Assets.xcassets; sourceTree = "<group>"; };
		1D2B2DEE218BC049009594F3 /* Base */ = {isa = PBXFileReference; lastKnownFileType = file.storyboard; name = Base; path = Base.lproj/LaunchScreen.storyboard; sourceTree = "<group>"; };
		1D2B2DF0218BC049009594F3 /* Info.plist */ = {isa = PBXFileReference; lastKnownFileType = text.plist.xml; path = Info.plist; sourceTree = "<group>"; };
		1D2B2DFC218BC46C009594F3 /* DayViewController.swift */ = {isa = PBXFileReference; lastKnownFileType = sourcecode.swift; path = DayViewController.swift; sourceTree = "<group>"; };
		1D2B2DFF218BC55B009594F3 /* WeekViewController.swift */ = {isa = PBXFileReference; lastKnownFileType = sourcecode.swift; path = WeekViewController.swift; sourceTree = "<group>"; };
		1D2B2E04218BC6A9009594F3 /* UIViewController.swift */ = {isa = PBXFileReference; lastKnownFileType = sourcecode.swift; path = UIViewController.swift; sourceTree = "<group>"; };
		1D2B2E06218BC785009594F3 /* UIStoryboard.swift */ = {isa = PBXFileReference; lastKnownFileType = sourcecode.swift; path = UIStoryboard.swift; sourceTree = "<group>"; };
		1D2B2E09218D40C2009594F3 /* WeatherRequest.swift */ = {isa = PBXFileReference; lastKnownFileType = sourcecode.swift; path = WeatherRequest.swift; sourceTree = "<group>"; };
		1D2B2E0C218D4401009594F3 /* Configuration.swift */ = {isa = PBXFileReference; lastKnownFileType = sourcecode.swift; path = Configuration.swift; sourceTree = "<group>"; };
		1D2B2E0F218E90FE009594F3 /* RootViewModel.swift */ = {isa = PBXFileReference; lastKnownFileType = sourcecode.swift; path = RootViewModel.swift; sourceTree = "<group>"; };
		1DA2EDA621950A7D00727DA9 /* DarkSkyResponse.swift */ = {isa = PBXFileReference; lastKnownFileType = sourcecode.swift; path = DarkSkyResponse.swift; sourceTree = "<group>"; };
/* End PBXFileReference section */

/* Begin PBXFrameworksBuildPhase section */
		1D2B2DDE218BC048009594F3 /* Frameworks */ = {
			isa = PBXFrameworksBuildPhase;
			buildActionMask = 2147483647;
			files = (
			);
			runOnlyForDeploymentPostprocessing = 0;
		};
/* End PBXFrameworksBuildPhase section */

/* Begin PBXGroup section */
		1D2B2DD8218BC048009594F3 = {
			isa = PBXGroup;
			children = (
				1D2B2DE3218BC048009594F3 /* WeatherWatcher */,
				1D2B2DE2218BC048009594F3 /* Products */,
			);
			sourceTree = "<group>";
		};
		1D2B2DE2218BC048009594F3 /* Products */ = {
			isa = PBXGroup;
			children = (
				1D2B2DE1218BC048009594F3 /* WeatherWatcher.app */,
			);
			name = Products;
			sourceTree = "<group>";
		};
		1D2B2DE3218BC048009594F3 /* WeatherWatcher */ = {
			isa = PBXGroup;
			children = (
				1D2B2DF6218BC0B0009594F3 /* AppDelegate */,
				1D2B2E0B218D43A1009594F3 /* Configuration */,
				1D2B2E08218D40A1009594F3 /* Models */,
				1D2B2E03218BC678009594F3 /* Extensions */,
				1D2B2DF9218BC1E8009594F3 /* Resourses */,
				1D2B2DF8218BC1B7009594F3 /* StoryBoard */,
				1D2B2DF7218BC106009594F3 /* ViewControllers */,
				1D2B2DF0218BC049009594F3 /* Info.plist */,
			);
			path = WeatherWatcher;
			sourceTree = "<group>";
		};
		1D2B2DF6218BC0B0009594F3 /* AppDelegate */ = {
			isa = PBXGroup;
			children = (
				1D2B2DE4218BC048009594F3 /* AppDelegate.swift */,
			);
			path = AppDelegate;
			sourceTree = "<group>";
		};
		1D2B2DF7218BC106009594F3 /* ViewControllers */ = {
			isa = PBXGroup;
			children = (
				1D2B2E0E218E9042009594F3 /* RootViewController */,
				1D2B2DFA218BC3F1009594F3 /* WeatherViewControllers */,
			);
			path = ViewControllers;
			sourceTree = "<group>";
		};
		1D2B2DF8218BC1B7009594F3 /* StoryBoard */ = {
			isa = PBXGroup;
			children = (
				1D2B2DED218BC049009594F3 /* LaunchScreen.storyboard */,
				1D2B2DE8218BC048009594F3 /* Main.storyboard */,
			);
			path = StoryBoard;
			sourceTree = "<group>";
		};
		1D2B2DF9218BC1E8009594F3 /* Resourses */ = {
			isa = PBXGroup;
			children = (
				1D2B2DEB218BC049009594F3 /* Assets.xcassets */,
			);
			path = Resourses;
			sourceTree = "<group>";
		};
		1D2B2DFA218BC3F1009594F3 /* WeatherViewControllers */ = {
			isa = PBXGroup;
			children = (
				1D2B2DFE218BC537009594F3 /* WeekViewController */,
				1D2B2DFB218BC41A009594F3 /* DayViewController */,
			);
			path = WeatherViewControllers;
			sourceTree = "<group>";
		};
		1D2B2DFB218BC41A009594F3 /* DayViewController */ = {
			isa = PBXGroup;
			children = (
				1D2B2DFC218BC46C009594F3 /* DayViewController.swift */,
			);
			path = DayViewController;
			sourceTree = "<group>";
		};
		1D2B2DFE218BC537009594F3 /* WeekViewController */ = {
			isa = PBXGroup;
			children = (
				1D2B2DFF218BC55B009594F3 /* WeekViewController.swift */,
			);
			path = WeekViewController;
			sourceTree = "<group>";
		};
		1D2B2E03218BC678009594F3 /* Extensions */ = {
			isa = PBXGroup;
			children = (
				1D2B2E04218BC6A9009594F3 /* UIViewController.swift */,
				1D2B2E06218BC785009594F3 /* UIStoryboard.swift */,
			);
			path = Extensions;
			sourceTree = "<group>";
		};
		1D2B2E08218D40A1009594F3 /* Models */ = {
			isa = PBXGroup;
			children = (
				1D2B2E09218D40C2009594F3 /* WeatherRequest.swift */,
				1DA2EDA621950A7D00727DA9 /* DarkSkyResponse.swift */,
			);
			path = Models;
			sourceTree = "<group>";
		};
		1D2B2E0B218D43A1009594F3 /* Configuration */ = {
			isa = PBXGroup;
			children = (
				1D2B2E0C218D4401009594F3 /* Configuration.swift */,
			);
			path = Configuration;
			sourceTree = "<group>";
		};
		1D2B2E0E218E9042009594F3 /* RootViewController */ = {
			isa = PBXGroup;
			children = (
				1D2B2E0F218E90FE009594F3 /* RootViewModel.swift */,
				1D2B2DE6218BC048009594F3 /* RootViewController.swift */,
			);
			path = RootViewController;
			sourceTree = "<group>";
		};
/* End PBXGroup section */

/* Begin PBXNativeTarget section */
		1D2B2DE0218BC048009594F3 /* WeatherWatcher */ = {
			isa = PBXNativeTarget;
			buildConfigurationList = 1D2B2DF3218BC049009594F3 /* Build configuration list for PBXNativeTarget "WeatherWatcher" */;
			buildPhases = (
				1D2B2DDD218BC048009594F3 /* Sources */,
				1D2B2DDE218BC048009594F3 /* Frameworks */,
				1D2B2DDF218BC048009594F3 /* Resources */,
			);
			buildRules = (
			);
			dependencies = (
			);
			name = WeatherWatcher;
			productName = WeatherWatcher;
			productReference = 1D2B2DE1218BC048009594F3 /* WeatherWatcher.app */;
			productType = "com.apple.product-type.application";
		};
/* End PBXNativeTarget section */

/* Begin PBXProject section */
		1D2B2DD9218BC048009594F3 /* Project object */ = {
			isa = PBXProject;
			attributes = {
				LastSwiftUpdateCheck = 1010;
				LastUpgradeCheck = 1010;
				ORGANIZATIONNAME = "Rick Williams";
				TargetAttributes = {
					1D2B2DE0218BC048009594F3 = {
						CreatedOnToolsVersion = 10.1;
					};
				};
			};
			buildConfigurationList = 1D2B2DDC218BC048009594F3 /* Build configuration list for PBXProject "WeatherWatcher" */;
			compatibilityVersion = "Xcode 9.3";
			developmentRegion = en;
			hasScannedForEncodings = 0;
			knownRegions = (
				en,
				Base,
			);
			mainGroup = 1D2B2DD8218BC048009594F3;
			productRefGroup = 1D2B2DE2218BC048009594F3 /* Products */;
			projectDirPath = "";
			projectRoot = "";
			targets = (
				1D2B2DE0218BC048009594F3 /* WeatherWatcher */,
			);
		};
/* End PBXProject section */

/* Begin PBXResourcesBuildPhase section */
		1D2B2DDF218BC048009594F3 /* Resources */ = {
			isa = PBXResourcesBuildPhase;
			buildActionMask = 2147483647;
			files = (
				1D2B2DEF218BC049009594F3 /* LaunchScreen.storyboard in Resources */,
				1D2B2DEC218BC049009594F3 /* Assets.xcassets in Resources */,
				1D2B2DEA218BC048009594F3 /* Main.storyboard in Resources */,
			);
			runOnlyForDeploymentPostprocessing = 0;
		};
/* End PBXResourcesBuildPhase section */

/* Begin PBXSourcesBuildPhase section */
		1D2B2DDD218BC048009594F3 /* Sources */ = {
			isa = PBXSourcesBuildPhase;
			buildActionMask = 2147483647;
			files = (
				1D2B2E07218BC785009594F3 /* UIStoryboard.swift in Sources */,
				1D2B2DE7218BC048009594F3 /* RootViewController.swift in Sources */,
				1D2B2DE5218BC048009594F3 /* AppDelegate.swift in Sources */,
				1D2B2E01218BC55B009594F3 /* WeekViewController.swift in Sources */,
				1D2B2DFD218BC46C009594F3 /* DayViewController.swift in Sources */,
				1D2B2E0A218D40C2009594F3 /* WeatherRequest.swift in Sources */,
				1D2B2E0D218D4401009594F3 /* Configuration.swift in Sources */,
				1D2B2E10218E90FE009594F3 /* RootViewModel.swift in Sources */,
				1DA2EDA721950A7D00727DA9 /* DarkSkyResponse.swift in Sources */,
				1D2B2E05218BC6A9009594F3 /* UIViewController.swift in Sources */,
			);
			runOnlyForDeploymentPostprocessing = 0;
		};
/* End PBXSourcesBuildPhase section */

/* Begin PBXVariantGroup section */
		1D2B2DE8218BC048009594F3 /* Main.storyboard */ = {
			isa = PBXVariantGroup;
			children = (
				1D2B2DE9218BC048009594F3 /* Base */,
			);
			name = Main.storyboard;
			sourceTree = "<group>";
		};
		1D2B2DED218BC049009594F3 /* LaunchScreen.storyboard */ = {
			isa = PBXVariantGroup;
			children = (
				1D2B2DEE218BC049009594F3 /* Base */,
			);
			name = LaunchScreen.storyboard;
			sourceTree = "<group>";
		};
/* End PBXVariantGroup section */

/* Begin XCBuildConfiguration section */
		1D2B2DF1218BC049009594F3 /* Debug */ = {
			isa = XCBuildConfiguration;
			buildSettings = {
				ALWAYS_SEARCH_USER_PATHS = NO;
				CLANG_ANALYZER_NONNULL = YES;
				CLANG_ANALYZER_NUMBER_OBJECT_CONVERSION = YES_AGGRESSIVE;
				CLANG_CXX_LANGUAGE_STANDARD = "gnu++14";
				CLANG_CXX_LIBRARY = "libc++";
				CLANG_ENABLE_MODULES = YES;
				CLANG_ENABLE_OBJC_ARC = YES;
				CLANG_ENABLE_OBJC_WEAK = YES;
				CLANG_WARN_BLOCK_CAPTURE_AUTORELEASING = YES;
				CLANG_WARN_BOOL_CONVERSION = YES;
				CLANG_WARN_COMMA = YES;
				CLANG_WARN_CONSTANT_CONVERSION = YES;
				CLANG_WARN_DEPRECATED_OBJC_IMPLEMENTATIONS = YES;
				CLANG_WARN_DIRECT_OBJC_ISA_USAGE = YES_ERROR;
				CLANG_WARN_DOCUMENTATION_COMMENTS = YES;
				CLANG_WARN_EMPTY_BODY = YES;
				CLANG_WARN_ENUM_CONVERSION = YES;
				CLANG_WARN_INFINITE_RECURSION = YES;
				CLANG_WARN_INT_CONVERSION = YES;
				CLANG_WARN_NON_LITERAL_NULL_CONVERSION = YES;
				CLANG_WARN_OBJC_IMPLICIT_RETAIN_SELF = YES;
				CLANG_WARN_OBJC_LITERAL_CONVERSION = YES;
				CLANG_WARN_OBJC_ROOT_CLASS = YES_ERROR;
				CLANG_WARN_RANGE_LOOP_ANALYSIS = YES;
				CLANG_WARN_STRICT_PROTOTYPES = YES;
				CLANG_WARN_SUSPICIOUS_MOVE = YES;
				CLANG_WARN_UNGUARDED_AVAILABILITY = YES_AGGRESSIVE;
				CLANG_WARN_UNREACHABLE_CODE = YES;
				CLANG_WARN__DUPLICATE_METHOD_MATCH = YES;
				CODE_SIGN_IDENTITY = "iPhone Developer";
				COPY_PHASE_STRIP = NO;
				DEBUG_INFORMATION_FORMAT = dwarf;
				ENABLE_STRICT_OBJC_MSGSEND = YES;
				ENABLE_TESTABILITY = YES;
				GCC_C_LANGUAGE_STANDARD = gnu11;
				GCC_DYNAMIC_NO_PIC = NO;
				GCC_NO_COMMON_BLOCKS = YES;
				GCC_OPTIMIZATION_LEVEL = 0;
				GCC_PREPROCESSOR_DEFINITIONS = (
					"DEBUG=1",
					"$(inherited)",
				);
				GCC_WARN_64_TO_32_BIT_CONVERSION = YES;
				GCC_WARN_ABOUT_RETURN_TYPE = YES_ERROR;
				GCC_WARN_UNDECLARED_SELECTOR = YES;
				GCC_WARN_UNINITIALIZED_AUTOS = YES_AGGRESSIVE;
				GCC_WARN_UNUSED_FUNCTION = YES;
				GCC_WARN_UNUSED_VARIABLE = YES;
				IPHONEOS_DEPLOYMENT_TARGET = 12.1;
				MTL_ENABLE_DEBUG_INFO = INCLUDE_SOURCE;
				MTL_FAST_MATH = YES;
				ONLY_ACTIVE_ARCH = YES;
				SDKROOT = iphoneos;
				SWIFT_ACTIVE_COMPILATION_CONDITIONS = DEBUG;
				SWIFT_OPTIMIZATION_LEVEL = "-Onone";
			};
			name = Debug;
		};
		1D2B2DF2218BC049009594F3 /* Release */ = {
			isa = XCBuildConfiguration;
			buildSettings = {
				ALWAYS_SEARCH_USER_PATHS = NO;
				CLANG_ANALYZER_NONNULL = YES;
				CLANG_ANALYZER_NUMBER_OBJECT_CONVERSION = YES_AGGRESSIVE;
				CLANG_CXX_LANGUAGE_STANDARD = "gnu++14";
				CLANG_CXX_LIBRARY = "libc++";
				CLANG_ENABLE_MODULES = YES;
				CLANG_ENABLE_OBJC_ARC = YES;
				CLANG_ENABLE_OBJC_WEAK = YES;
				CLANG_WARN_BLOCK_CAPTURE_AUTORELEASING = YES;
				CLANG_WARN_BOOL_CONVERSION = YES;
				CLANG_WARN_COMMA = YES;
				CLANG_WARN_CONSTANT_CONVERSION = YES;
				CLANG_WARN_DEPRECATED_OBJC_IMPLEMENTATIONS = YES;
				CLANG_WARN_DIRECT_OBJC_ISA_USAGE = YES_ERROR;
				CLANG_WARN_DOCUMENTATION_COMMENTS = YES;
				CLANG_WARN_EMPTY_BODY = YES;
				CLANG_WARN_ENUM_CONVERSION = YES;
				CLANG_WARN_INFINITE_RECURSION = YES;
				CLANG_WARN_INT_CONVERSION = YES;
				CLANG_WARN_NON_LITERAL_NULL_CONVERSION = YES;
				CLANG_WARN_OBJC_IMPLICIT_RETAIN_SELF = YES;
				CLANG_WARN_OBJC_LITERAL_CONVERSION = YES;
				CLANG_WARN_OBJC_ROOT_CLASS = YES_ERROR;
				CLANG_WARN_RANGE_LOOP_ANALYSIS = YES;
				CLANG_WARN_STRICT_PROTOTYPES = YES;
				CLANG_WARN_SUSPICIOUS_MOVE = YES;
				CLANG_WARN_UNGUARDED_AVAILABILITY = YES_AGGRESSIVE;
				CLANG_WARN_UNREACHABLE_CODE = YES;
				CLANG_WARN__DUPLICATE_METHOD_MATCH = YES;
				CODE_SIGN_IDENTITY = "iPhone Developer";
				COPY_PHASE_STRIP = NO;
				DEBUG_INFORMATION_FORMAT = "dwarf-with-dsym";
				ENABLE_NS_ASSERTIONS = NO;
				ENABLE_STRICT_OBJC_MSGSEND = YES;
				GCC_C_LANGUAGE_STANDARD = gnu11;
				GCC_NO_COMMON_BLOCKS = YES;
				GCC_WARN_64_TO_32_BIT_CONVERSION = YES;
				GCC_WARN_ABOUT_RETURN_TYPE = YES_ERROR;
				GCC_WARN_UNDECLARED_SELECTOR = YES;
				GCC_WARN_UNINITIALIZED_AUTOS = YES_AGGRESSIVE;
				GCC_WARN_UNUSED_FUNCTION = YES;
				GCC_WARN_UNUSED_VARIABLE = YES;
				IPHONEOS_DEPLOYMENT_TARGET = 12.1;
				MTL_ENABLE_DEBUG_INFO = NO;
				MTL_FAST_MATH = YES;
				SDKROOT = iphoneos;
				SWIFT_COMPILATION_MODE = wholemodule;
				SWIFT_OPTIMIZATION_LEVEL = "-O";
				VALIDATE_PRODUCT = YES;
			};
			name = Release;
		};
		1D2B2DF4218BC049009594F3 /* Debug */ = {
			isa = XCBuildConfiguration;
			buildSettings = {
				ASSETCATALOG_COMPILER_APPICON_NAME = AppIcon;
				CODE_SIGN_STYLE = Automatic;
				DEVELOPMENT_TEAM = GM49MH5V3Q;
				INFOPLIST_FILE = WeatherWatcher/Info.plist;
				LD_RUNPATH_SEARCH_PATHS = (
					"$(inherited)",
					"@executable_path/Frameworks",
				);
				PRODUCT_BUNDLE_IDENTIFIER = williams.rick.WeatherWatcher;
				PRODUCT_NAME = "$(TARGET_NAME)";
				SWIFT_VERSION = 4.2;
				TARGETED_DEVICE_FAMILY = 1;
			};
			name = Debug;
		};
		1D2B2DF5218BC049009594F3 /* Release */ = {
			isa = XCBuildConfiguration;
			buildSettings = {
				ASSETCATALOG_COMPILER_APPICON_NAME = AppIcon;
				CODE_SIGN_STYLE = Automatic;
				DEVELOPMENT_TEAM = GM49MH5V3Q;
				INFOPLIST_FILE = WeatherWatcher/Info.plist;
				LD_RUNPATH_SEARCH_PATHS = (
					"$(inherited)",
					"@executable_path/Frameworks",
				);
				PRODUCT_BUNDLE_IDENTIFIER = williams.rick.WeatherWatcher;
				PRODUCT_NAME = "$(TARGET_NAME)";
				SWIFT_VERSION = 4.2;
				TARGETED_DEVICE_FAMILY = 1;
			};
			name = Release;
		};
/* End XCBuildConfiguration section */

/* Begin XCConfigurationList section */
		1D2B2DDC218BC048009594F3 /* Build configuration list for PBXProject "WeatherWatcher" */ = {
			isa = XCConfigurationList;
			buildConfigurations = (
				1D2B2DF1218BC049009594F3 /* Debug */,
				1D2B2DF2218BC049009594F3 /* Release */,
			);
			defaultConfigurationIsVisible = 0;
			defaultConfigurationName = Release;
		};
		1D2B2DF3218BC049009594F3 /* Build configuration list for PBXNativeTarget "WeatherWatcher" */ = {
			isa = XCConfigurationList;
			buildConfigurations = (
				1D2B2DF4218BC049009594F3 /* Debug */,
				1D2B2DF5218BC049009594F3 /* Release */,
			);
			defaultConfigurationIsVisible = 0;
			defaultConfigurationName = Release;
		};
/* End XCConfigurationList section */
	};
	rootObject = 1D2B2DD9218BC048009594F3 /* Project object */;
}
